
Microsoft Visual Studio Solution File, Format Version 12.00
# Visual Studio Version 16
VisualStudioVersion = 16.0.31911.196
MinimumVisualStudioVersion = 10.0.40219.1
Project("{9A19103F-16F7-4668-BE54-9A1E7A4F7556}") = "API", "DevFreela.API\API.csproj", "{80B179CF-2E96-465B-B58C-1879634A5A00}"
EndProject
Project("{9A19103F-16F7-4668-BE54-9A1E7A4F7556}") = "Core", "Core\Core.csproj", "{220399C8-5BDC-49EB-B297-EF9EE6D3857A}"
EndProject
Project("{FAE04EC0-301F-11D3-BF4B-00C04F79EFBC}") = "Infrastructure", "Infrastructure\Infrastructure.csproj", "{63F99CBA-D9CF-4F46-B31F-43CE10C1423E}"
EndProject
Project("{FAE04EC0-301F-11D3-BF4B-00C04F79EFBC}") = "Application", "Application\Application.csproj", "{0F5F6537-00BE-4C9A-9051-518EC1846AA6}"
EndProject
Global
	GlobalSection(SolutionConfigurationPlatforms) = preSolution
		Debug|Any CPU = Debug|Any CPU
		Release|Any CPU = Release|Any CPU
	EndGlobalSection
	GlobalSection(ProjectConfigurationPlatforms) = postSolution
		{80B179CF-2E96-465B-B58C-1879634A5A00}.Debug|Any CPU.ActiveCfg = Debug|Any CPU
		{80B179CF-2E96-465B-B58C-1879634A5A00}.Debug|Any CPU.Build.0 = Debug|Any CPU
		{80B179CF-2E96-465B-B58C-1879634A5A00}.Release|Any CPU.ActiveCfg = Release|Any CPU
		{80B179CF-2E96-465B-B58C-1879634A5A00}.Release|Any CPU.Build.0 = Release|Any CPU
		{220399C8-5BDC-49EB-B297-EF9EE6D3857A}.Debug|Any CPU.ActiveCfg = Debug|Any CPU
		{220399C8-5BDC-49EB-B297-EF9EE6D3857A}.Debug|Any CPU.Build.0 = Debug|Any CPU
		{220399C8-5BDC-49EB-B297-EF9EE6D3857A}.Release|Any CPU.ActiveCfg = Release|Any CPU
		{220399C8-5BDC-49EB-B297-EF9EE6D3857A}.Release|Any CPU.Build.0 = Release|Any CPU
		{63F99CBA-D9CF-4F46-B31F-43CE10C1423E}.Debug|Any CPU.ActiveCfg = Debug|Any CPU
		{63F99CBA-D9CF-4F46-B31F-43CE10C1423E}.Debug|Any CPU.Build.0 = Debug|Any CPU
		{63F99CBA-D9CF-4F46-B31F-43CE10C1423E}.Release|Any CPU.ActiveCfg = Release|Any CPU
		{63F99CBA-D9CF-4F46-B31F-43CE10C1423E}.Release|Any CPU.Build.0 = Release|Any CPU
		{0F5F6537-00BE-4C9A-9051-518EC1846AA6}.Debug|Any CPU.ActiveCfg = Debug|Any CPU
		{0F5F6537-00BE-4C9A-9051-518EC1846AA6}.Debug|Any CPU.Build.0 = Debug|Any CPU
		{0F5F6537-00BE-4C9A-9051-518EC1846AA6}.Release|Any CPU.ActiveCfg = Release|Any CPU
		{0F5F6537-00BE-4C9A-9051-518EC1846AA6}.Release|Any CPU.Build.0 = Release|Any CPU
	EndGlobalSection
	GlobalSection(SolutionProperties) = preSolution
		HideSolutionNode = FALSE
	EndGlobalSection
	GlobalSection(ExtensibilityGlobals) = postSolution
		SolutionGuid = {413E2BD1-5D37-47C9-A0C6-4E8418D9B3E4}
	EndGlobalSection
EndGlobal
